
Microsoft Visual Studio Solution File, Format Version 12.00
# Visual Studio Version 17
VisualStudioVersion = 17.14.36401.2 d17.14
MinimumVisualStudioVersion = 10.0.40219.1
Project("{FAE04EC0-301F-11D3-BF4B-00C04F79EFBC}") = "Exe03_PRL_090825", "Exe03_PRL_090825\Exe03_PRL_090825.csproj", "{D36F3A6C-4B3D-4F4D-A73F-12B422EA460C}"
EndProject
Global
	GlobalSection(SolutionConfigurationPlatforms) = preSolution
		Debug|Any CPU = Debug|Any CPU
		Release|Any CPU = Release|Any CPU
	EndGlobalSection
	GlobalSection(ProjectConfigurationPlatforms) = postSolution
		{D36F3A6C-4B3D-4F4D-A73F-12B422EA460C}.Debug|Any CPU.ActiveCfg = Debug|Any CPU
		{D36F3A6C-4B3D-4F4D-A73F-12B422EA460C}.Debug|Any CPU.Build.0 = Debug|Any CPU
		{D36F3A6C-4B3D-4F4D-A73F-12B422EA460C}.Release|Any CPU.ActiveCfg = Release|Any CPU
		{D36F3A6C-4B3D-4F4D-A73F-12B422EA460C}.Release|Any CPU.Build.0 = Release|Any CPU
	EndGlobalSection
	GlobalSection(SolutionProperties) = preSolution
		HideSolutionNode = FALSE
	EndGlobalSection
	GlobalSection(ExtensibilityGlobals) = postSolution
		SolutionGuid = {08FE5C03-56E8-451F-9CC4-2104720EC1D3}
	EndGlobalSection
EndGlobal
