
Microsoft Visual Studio Solution File, Format Version 12.00
# Visual Studio Version 17
VisualStudioVersion = 17.14.36401.2 d17.14
MinimumVisualStudioVersion = 10.0.40219.1
Project("{FAE04EC0-301F-11D3-BF4B-00C04F79EFBC}") = "Exe03_090825", "Exe03_090825\Exe03_090825.csproj", "{4DA4CA38-FFEA-4359-B3F0-974CC5731985}"
EndProject
Global
	GlobalSection(SolutionConfigurationPlatforms) = preSolution
		Debug|Any CPU = Debug|Any CPU
		Release|Any CPU = Release|Any CPU
	EndGlobalSection
	GlobalSection(ProjectConfigurationPlatforms) = postSolution
		{4DA4CA38-FFEA-4359-B3F0-974CC5731985}.Debug|Any CPU.ActiveCfg = Debug|Any CPU
		{4DA4CA38-FFEA-4359-B3F0-974CC5731985}.Debug|Any CPU.Build.0 = Debug|Any CPU
		{4DA4CA38-FFEA-4359-B3F0-974CC5731985}.Release|Any CPU.ActiveCfg = Release|Any CPU
		{4DA4CA38-FFEA-4359-B3F0-974CC5731985}.Release|Any CPU.Build.0 = Release|Any CPU
	EndGlobalSection
	GlobalSection(SolutionProperties) = preSolution
		HideSolutionNode = FALSE
	EndGlobalSection
	GlobalSection(ExtensibilityGlobals) = postSolution
		SolutionGuid = {DD2CDD5A-4CEE-4F06-A29B-F5902EAB6A77}
	EndGlobalSection
EndGlobal
