
Microsoft Visual Studio Solution File, Format Version 12.00
# Visual Studio Version 17
VisualStudioVersion = 17.14.36401.2 d17.14
MinimumVisualStudioVersion = 10.0.40219.1
Project("{FAE04EC0-301F-11D3-BF4B-00C04F79EFBC}") = "Exe02_PRL_080825", "Exe02_PRL_080825\Exe02_PRL_080825.csproj", "{2CB2D224-D726-4383-993D-A8E21921C68B}"
EndProject
Global
	GlobalSection(SolutionConfigurationPlatforms) = preSolution
		Debug|Any CPU = Debug|Any CPU
		Release|Any CPU = Release|Any CPU
	EndGlobalSection
	GlobalSection(ProjectConfigurationPlatforms) = postSolution
		{2CB2D224-D726-4383-993D-A8E21921C68B}.Debug|Any CPU.ActiveCfg = Debug|Any CPU
		{2CB2D224-D726-4383-993D-A8E21921C68B}.Debug|Any CPU.Build.0 = Debug|Any CPU
		{2CB2D224-D726-4383-993D-A8E21921C68B}.Release|Any CPU.ActiveCfg = Release|Any CPU
		{2CB2D224-D726-4383-993D-A8E21921C68B}.Release|Any CPU.Build.0 = Release|Any CPU
	EndGlobalSection
	GlobalSection(SolutionProperties) = preSolution
		HideSolutionNode = FALSE
	EndGlobalSection
	GlobalSection(ExtensibilityGlobals) = postSolution
		SolutionGuid = {8D43657F-2CA7-4766-AFA6-C17AA3C27880}
	EndGlobalSection
EndGlobal
