
Microsoft Visual Studio Solution File, Format Version 12.00
# Visual Studio Version 17
VisualStudioVersion = 17.14.36401.2 d17.14
MinimumVisualStudioVersion = 10.0.40219.1
Project("{FAE04EC0-301F-11D3-BF4B-00C04F79EFBC}") = "Exe7_310825", "Exe7_310825\Exe7_310825.csproj", "{61A7EAF7-12B1-4DB2-948F-344E03B9DC7B}"
EndProject
Global
	GlobalSection(SolutionConfigurationPlatforms) = preSolution
		Debug|Any CPU = Debug|Any CPU
		Release|Any CPU = Release|Any CPU
	EndGlobalSection
	GlobalSection(ProjectConfigurationPlatforms) = postSolution
		{61A7EAF7-12B1-4DB2-948F-344E03B9DC7B}.Debug|Any CPU.ActiveCfg = Debug|Any CPU
		{61A7EAF7-12B1-4DB2-948F-344E03B9DC7B}.Debug|Any CPU.Build.0 = Debug|Any CPU
		{61A7EAF7-12B1-4DB2-948F-344E03B9DC7B}.Release|Any CPU.ActiveCfg = Release|Any CPU
		{61A7EAF7-12B1-4DB2-948F-344E03B9DC7B}.Release|Any CPU.Build.0 = Release|Any CPU
	EndGlobalSection
	GlobalSection(SolutionProperties) = preSolution
		HideSolutionNode = FALSE
	EndGlobalSection
	GlobalSection(ExtensibilityGlobals) = postSolution
		SolutionGuid = {36B3ED57-4A61-4CD5-BCA7-C445D89E6977}
	EndGlobalSection
EndGlobal
