
Microsoft Visual Studio Solution File, Format Version 12.00
# Visual Studio Version 17
VisualStudioVersion = 17.14.36401.2 d17.14
MinimumVisualStudioVersion = 10.0.40219.1
Project("{FAE04EC0-301F-11D3-BF4B-00C04F79EFBC}") = "Exe04_090825", "Exe04_090825\Exe04_090825.csproj", "{A77877F7-EB39-443A-B402-D004AD832CDF}"
EndProject
Global
	GlobalSection(SolutionConfigurationPlatforms) = preSolution
		Debug|Any CPU = Debug|Any CPU
		Release|Any CPU = Release|Any CPU
	EndGlobalSection
	GlobalSection(ProjectConfigurationPlatforms) = postSolution
		{A77877F7-EB39-443A-B402-D004AD832CDF}.Debug|Any CPU.ActiveCfg = Debug|Any CPU
		{A77877F7-EB39-443A-B402-D004AD832CDF}.Debug|Any CPU.Build.0 = Debug|Any CPU
		{A77877F7-EB39-443A-B402-D004AD832CDF}.Release|Any CPU.ActiveCfg = Release|Any CPU
		{A77877F7-EB39-443A-B402-D004AD832CDF}.Release|Any CPU.Build.0 = Release|Any CPU
	EndGlobalSection
	GlobalSection(SolutionProperties) = preSolution
		HideSolutionNode = FALSE
	EndGlobalSection
	GlobalSection(ExtensibilityGlobals) = postSolution
		SolutionGuid = {18C26502-56E3-4FD2-8CD0-FF288E7B9D68}
	EndGlobalSection
EndGlobal
