
Microsoft Visual Studio Solution File, Format Version 12.00
# Visual Studio Version 17
VisualStudioVersion = 17.14.36401.2 d17.14
MinimumVisualStudioVersion = 10.0.40219.1
Project("{FAE04EC0-301F-11D3-BF4B-00C04F79EFBC}") = "Exe04_PRL_090825", "Exe04_PRL_090825\Exe04_PRL_090825.csproj", "{4B6423F7-4B2F-43CF-A1BD-8038F037F65B}"
EndProject
Global
	GlobalSection(SolutionConfigurationPlatforms) = preSolution
		Debug|Any CPU = Debug|Any CPU
		Release|Any CPU = Release|Any CPU
	EndGlobalSection
	GlobalSection(ProjectConfigurationPlatforms) = postSolution
		{4B6423F7-4B2F-43CF-A1BD-8038F037F65B}.Debug|Any CPU.ActiveCfg = Debug|Any CPU
		{4B6423F7-4B2F-43CF-A1BD-8038F037F65B}.Debug|Any CPU.Build.0 = Debug|Any CPU
		{4B6423F7-4B2F-43CF-A1BD-8038F037F65B}.Release|Any CPU.ActiveCfg = Release|Any CPU
		{4B6423F7-4B2F-43CF-A1BD-8038F037F65B}.Release|Any CPU.Build.0 = Release|Any CPU
	EndGlobalSection
	GlobalSection(SolutionProperties) = preSolution
		HideSolutionNode = FALSE
	EndGlobalSection
	GlobalSection(ExtensibilityGlobals) = postSolution
		SolutionGuid = {D7401729-B20E-45E0-B03E-247AADA4BFD0}
	EndGlobalSection
EndGlobal
